{
  "lockfileVersion": 1,
  "workspaces": {
    "": {
      "devDependencies": {
        "husky": "^9.1.7",
        "prettier": "^3.5.2",
        "prettierrc": "^0.0.0-5",
      },
    },
  },
  "packages": {
    "ansi-wrap": ["ansi-wrap@0.1.0", "", {}, "sha512-ZyznvL8k/FZeQHr2T6LzcJ/+vBApDnMNZvfVFy3At0knswWd6rJ3/0Hhmpu8oqa6C92npmozs890sX9Dl6q+Qw=="],

    "ansi-yellow": ["ansi-yellow@0.1.1", "", { "dependencies": { "ansi-wrap": "0.1.0" } }, "sha512-6E3D4BQLXHLl3c/NwirWVZ+BCkMq2qsYxdeAGGOijKrx09FaqU+HktFL6QwAwNvgJiMLnv6AQ2C1gFZx0h1CBg=="],

    "arr-diff": ["arr-diff@1.1.0", "", { "dependencies": { "arr-flatten": "^1.0.1", "array-slice": "^0.2.3" } }, "sha512-OQwDZUqYaQwyyhDJHThmzId8daf4/RFNLaeh3AevmSeZ5Y7ug4Ga/yKc6l6kTZOBW781rCj103ZuTh8GAsB3+Q=="],

    "arr-flatten": ["arr-flatten@1.1.0", "", {}, "sha512-L3hKV5R/p5o81R7O02IGnwpDmkp6E982XhtbuwSe3O4qOtMMMtodicASA1Cny2U+aCXcNpml+m4dPsvsJ3jatg=="],

    "array-slice": ["array-slice@0.2.3", "", {}, "sha512-rlVfZW/1Ph2SNySXwR9QYkChp8EkOEiTMO5Vwx60usw04i4nWemkm9RXmQqgkQFaLHsqLuADvjp6IfgL9l2M8Q=="],

    "array-unique": ["array-unique@0.2.1", "", {}, "sha512-G2n5bG5fSUCpnsXz4+8FUkYsGPkNfLn9YvS66U5qbTIXI2Ynnlo4Bi42bWv+omKUCqz+ejzfClwne0alJWJPhg=="],

    "async": ["async@1.5.2", "", {}, "sha512-nSVgobk4rv61R9PUSDtYt7mPVB2olxNR5RWJcAsH676/ef11bUZwvu7+RGYrYauVdDPcO519v68wRhXQtxsV9w=="],

    "bluebird": ["bluebird@2.11.0", "", {}, "sha512-UfFSr22dmHPQqPP9XWHRhq+gWnHCYguQGkXQlbyPtW5qTnhFWA8/iXg765tH0cAjy7l/zPJ1aBTO0g5XgA7kvQ=="],

    "braces": ["braces@1.8.5", "", { "dependencies": { "expand-range": "^1.8.1", "preserve": "^0.2.0", "repeat-element": "^1.1.2" } }, "sha512-xU7bpz2ytJl1bH9cgIurjpg/n8Gohy9GTw81heDYLJQ4RU60dlyJsa+atVF2pI0yMMvKxI9HkKwjePCj5XI1hw=="],

    "component-emitter": ["component-emitter@1.3.1", "", {}, "sha512-T0+barUSQRTUQASh8bx02dl+DhF54GtIDY13Y3m9oWTklKbb3Wv974meRpeZ3lp1JpLVECWWNHC4vaG2XHXouQ=="],

    "core-util-is": ["core-util-is@1.0.3", "", {}, "sha512-ZQBvi1DcpJ4GDqanjucZ2Hj3wEO5pZDS89BWbkcrvdxksJorwUDDZamX9ldFkp9aw2lmBDLgkObEA4DWNJ9FYQ=="],

    "deep-extend": ["deep-extend@0.6.0", "", {}, "sha512-LOHxIOaPYdHlJRtCQfDIVZtfw/ufM8+rVj649RIHzcm/vGwQRXFt6OPqIFWsm2XEMrNIEtWR64sY1LEKD2vAOA=="],

    "detect-file": ["detect-file@0.1.0", "", { "dependencies": { "fs-exists-sync": "^0.1.0" } }, "sha512-akiVcMZym+vO3IxctGG9dnuJT4AYQTAhjsGbjeGqqMUr9Ffy7XEAUmfKLSHugr/tGLaAZ4jWROErPPrsfG8+bQ=="],

    "dotdir-regex": ["dotdir-regex@0.1.0", "", {}, "sha512-00odj/E9hnwoi/W0ZcudUwlR/OSjhMgcBgevA4G8tgSJdGy0cVIKrmKLkh97Kw6aXvE47islrIisBld19+X1AQ=="],

    "ends-with": ["ends-with@0.2.0", "", {}, "sha512-lRppY4dK3VkqBdR242sKcAJeYc8Gf/DhoX9AWvWI2RzccmLnqBQfwm2k4oSDv5MPDjUqawCauXhZkyWxkVhRsg=="],

    "expand-brackets": ["expand-brackets@0.1.5", "", { "dependencies": { "is-posix-bracket": "^0.1.0" } }, "sha512-hxx03P2dJxss6ceIeri9cmYOT4SRs3Zk3afZwWpOsRqLqprhTR8u++SlC+sFGsQr7WGFPdMF7Gjc1njDLDK6UA=="],

    "expand-range": ["expand-range@1.8.2", "", { "dependencies": { "fill-range": "^2.1.0" } }, "sha512-AFASGfIlnIbkKPQwX1yHaDjFvh/1gyKJODme52V6IORh69uEYgZp0o9C+qsIGNVEiuuhQU0CSSl++Rlegg1qvA=="],

    "expand-tilde": ["expand-tilde@1.2.2", "", { "dependencies": { "os-homedir": "^1.0.1" } }, "sha512-rtmc+cjLZqnu9dSYosX9EWmSJhTwpACgJQTfj4hgg2JjOD/6SIQalZrt4a3aQeh++oNxkazcaxrhPUj6+g5G/Q=="],

    "export-files": ["export-files@2.1.1", "", { "dependencies": { "lazy-cache": "^1.0.3" } }, "sha512-r2x1Zt0OKgdXRy0bXis3sOI8TNYmo5Fe71qXwsvpYaMvIlH5G0fWEf3AYiE2bONjePdSOojca7Jw+p9CQ6/6NQ=="],

    "extend-shallow": ["extend-shallow@2.0.1", "", { "dependencies": { "is-extendable": "^0.1.0" } }, "sha512-zCnTtlxNoAiDc3gqY2aYAWFx7XWWiasuF2K8Me5WbN8otHKTUKBwjPtNpRs/rbUZm7KxWAaNj7P1a/p52GbVug=="],

    "extglob": ["extglob@0.3.2", "", { "dependencies": { "is-extglob": "^1.0.0" } }, "sha512-1FOj1LOwn42TMrruOHGt18HemVnbwAmAak7krWk+wa93KXxGbK+2jpezm+ytJYDaBX0/SPLZFHKM7m+tKobWGg=="],

    "filename-regex": ["filename-regex@2.0.1", "", {}, "sha512-BTCqyBaWBTsauvnHiE8i562+EdJj+oUpkqWp2R1iCoR8f6oo8STRu3of7WJJ0TqWtxN50a5YFpzYK4Jj9esYfQ=="],

    "fill-range": ["fill-range@2.2.4", "", { "dependencies": { "is-number": "^2.1.0", "isobject": "^2.0.0", "randomatic": "^3.0.0", "repeat-element": "^1.1.2", "repeat-string": "^1.5.2" } }, "sha512-cnrcCbj01+j2gTG921VZPnHbjmdAf8oQV/iGeV2kZxGSyfYjjTyY79ErsK1WJWMpw6DaApEX72binqJE+/d+5Q=="],

    "findup-sync": ["findup-sync@1.0.0", "", { "dependencies": { "detect-file": "^0.1.0", "is-glob": "^2.0.1", "micromatch": "^2.3.7", "resolve-dir": "^0.1.0" } }, "sha512-VyWlYDW822Fybow9EjxaArNhS296zu4eYUWI+l2SVfo0/iqvodwI83RBwXSMczgcEejZGOg5+cGJc53OIdtjjA=="],

    "for-in": ["for-in@0.1.8", "", {}, "sha512-F0to7vbBSHP8E3l6dCjxNOLuSFAACIxFy3UehTUlG7svlXi37HHsDkyVcHo0Pq8QwrE+pXvWSVX3ZT1T9wAZ9g=="],

    "for-own": ["for-own@0.1.5", "", { "dependencies": { "for-in": "^1.0.1" } }, "sha512-SKmowqGTJoPzLO1T0BBJpkfp3EMacCMOuH40hOUbrbzElVktk4DioXVM99QkLCyKoiuOmyjgcWMpVz2xjE7LZw=="],

    "fs-exists-sync": ["fs-exists-sync@0.1.0", "", {}, "sha512-cR/vflFyPZtrN6b38ZyWxpWdhlXrzZEBawlpBQMq7033xVY7/kg0GDMBK5jg8lDYQckdJ5x/YC88lM3C7VMsLg=="],

    "get-value": ["get-value@1.3.1", "", { "dependencies": { "arr-flatten": "^1.0.1", "is-extendable": "^0.1.1", "lazy-cache": "^0.2.4", "noncharacters": "^1.1.0" } }, "sha512-TrDxHI5wqgpM5Guhoz7xmblwy7kzhDauSs4df3NP907yFmLtCkOau8YtGo087jZXKDwP22NG6fCo0UA4EFLjOw=="],

    "glob-base": ["glob-base@0.3.0", "", { "dependencies": { "glob-parent": "^2.0.0", "is-glob": "^2.0.0" } }, "sha512-ab1S1g1EbO7YzauaJLkgLp7DZVAqj9M/dvKlTt8DkXA2tiOIcSMrlVI2J1RZyB5iJVccEscjGn+kpOG9788MHA=="],

    "glob-fs": ["glob-fs@0.1.7", "", { "dependencies": { "async": "^1.3.0", "bluebird": "^2.9.33", "component-emitter": "^1.2.0", "ends-with": "^0.2.0", "export-files": "^2.0.1", "extend-shallow": "^2.0.0", "get-value": "^1.1.5", "glob-fs-dotfiles": "^0.1.6", "glob-fs-gitignore": "^0.1.5", "glob-parent": "^1.2.0", "graceful-fs": "^4.1.2", "is-dotdir": "^0.1.0", "is-dotfile": "^1.0.1", "is-glob": "^2.0.0", "is-windows": "^0.1.0", "kind-of": "^2.0.0", "lazy-cache": "^0.1.0", "micromatch": "github:jonschlinkert/micromatch#2.2.0", "mixin-object": "^2.0.0", "object-visit": "^0.1.0", "object.omit": "^1.1.0", "parse-filepath": "^0.6.1", "relative": "^3.0.1", "set-value": "^0.2.0", "starts-with": "^1.0.2", "through2": "^2.0.0" } }, "sha512-f0U3u9xK8MEYtKDCnZXvZrZAy4uNp+KSA4xfaKI/NxbE6HXhqUBQ485Uwd6jQa/Q6z1yKi804WT9y53RrwuMxQ=="],

    "glob-fs-dotfiles": ["glob-fs-dotfiles@0.1.6", "", {}, "sha512-CUTouLo3beDkPJG3Pt/3Qieq1tfGEKVSb/kM7j3m93sdM6LUx/NRlnpy7SGA2Q8/NPXoUUd4F7CNqngX0PdYPg=="],

    "glob-fs-gitignore": ["glob-fs-gitignore@0.1.6", "", { "dependencies": { "findup-sync": "^1.0.0", "micromatch": "^2.3.11", "parse-gitignore": "^0.2.0" } }, "sha512-0NSbtFTLX0mS2QTgAqATtLiEAYI8xsyLmkQ3Pm+RoOTxhOqVMfzOYI5kzaqt8oECoUmmw7xk+Gp2pjjhRfFq7w=="],

    "glob-parent": ["glob-parent@1.3.0", "", { "dependencies": { "is-glob": "^2.0.0" } }, "sha512-hTmuuCjsIMiB85432X8VgmlgWVn99Np49NOWsRyfPkvsFBmsHOoCkOoFGNrMgauLMDD06Mzw+uVTw+oWNCAzgQ=="],

    "global-modules": ["global-modules@0.2.3", "", { "dependencies": { "global-prefix": "^0.1.4", "is-windows": "^0.2.0" } }, "sha512-JeXuCbvYzYXcwE6acL9V2bAOeSIGl4dD+iwLY9iUx2VBJJ80R18HCn+JCwHM9Oegdfya3lEkGCdaRkSyc10hDA=="],

    "global-prefix": ["global-prefix@0.1.5", "", { "dependencies": { "homedir-polyfill": "^1.0.0", "ini": "^1.3.4", "is-windows": "^0.2.0", "which": "^1.2.12" } }, "sha512-gOPiyxcD9dJGCEArAhF4Hd0BAqvAe/JzERP7tYumE4yIkmIedPUVXcJFWbV3/p/ovIIvKjkrTk+f1UVkq7vvbw=="],

    "graceful-fs": ["graceful-fs@4.2.11", "", {}, "sha512-RbJ5/jmFcNNCcDV5o9eTnBLJ/HszWV0P73bc+Ff4nS/rJj+YaS6IGyiOL0VoBYX+l1Wrl3k63h/KrH+nhJ0XvQ=="],

    "homedir-polyfill": ["homedir-polyfill@1.0.3", "", { "dependencies": { "parse-passwd": "^1.0.0" } }, "sha512-eSmmWE5bZTK2Nou4g0AI3zZ9rswp7GRKoKXS1BLUkvPviOqs4YTN1djQIqrXy9k5gEtdLPy86JjRwsNM9tnDcA=="],

    "husky": ["husky@9.1.7", "", { "bin": { "husky": "bin.js" } }, "sha512-5gs5ytaNjBrh5Ow3zrvdUUY+0VxIuWVL4i9irt6friV+BqdCfmV11CQTWMiBYWHbXhco+J1kHfTOUkePhCDvMA=="],

    "inherits": ["inherits@2.0.4", "", {}, "sha512-k/vGaX4/Yla3WzyMCvTQOXYeIHvqOKtnqBduzTHpzpQZzAskKMhZ2K+EnBiSM9zGSoIFeMpXKxa4dYeZIQqewQ=="],

    "ini": ["ini@1.3.8", "", {}, "sha512-JV/yugV2uzW5iMRSiZAyDtQd+nxtUnjeLt0acNdw98kKLrvuRVyB80tsREOE7yvGVgalhZ6RNXCmEHkUKBKxew=="],

    "is-absolute": ["is-absolute@0.2.6", "", { "dependencies": { "is-relative": "^0.2.1", "is-windows": "^0.2.0" } }, "sha512-7Kr05z5LkcOpoMvxHN1PC11WbPabdNFmMYYo0eZvWu3BfVS0T03yoqYDczoCBx17xqk2x1XAZrcKiFVL88jxlQ=="],

    "is-buffer": ["is-buffer@1.1.6", "", {}, "sha512-NcdALwpXkTm5Zvvbk7owOUSvVvBKDgKP5/ewfXEznmQFfs4ZRmanOeKBTjRVjka3QFoN6XJ+9F3USqfHqTaU5w=="],

    "is-dotdir": ["is-dotdir@0.1.0", "", { "dependencies": { "dotdir-regex": "^0.1.0" } }, "sha512-o5DMjqNJBNvA8Irv57+jeEFf/15AP29DCpG157wABj6XjBBzJSJ8NpYsRwNSTkjBc9xw2OVGAMiqmef3EMpMvA=="],

    "is-dotfile": ["is-dotfile@1.0.3", "", {}, "sha512-9YclgOGtN/f8zx0Pr4FQYMdibBiTaH3sn52vjYip4ZSf6C4/6RfTEZ+MR4GvKhCxdPh21Bg42/WL55f6KSnKpg=="],

    "is-equal-shallow": ["is-equal-shallow@0.1.3", "", { "dependencies": { "is-primitive": "^2.0.0" } }, "sha512-0EygVC5qPvIyb+gSz7zdD5/AAoS6Qrx1e//6N4yv4oNm30kqvdmG66oZFWVlQHUWe5OjP08FuTw2IdT0EOTcYA=="],

    "is-extendable": ["is-extendable@0.1.1", "", {}, "sha512-5BMULNob1vgFX6EjQw5izWDxrecWK9AM72rugNr0TFldMOi0fj6Jk+zeKIt0xGj4cEfQIJth4w3OKWOJ4f+AFw=="],

    "is-extglob": ["is-extglob@1.0.0", "", {}, "sha512-7Q+VbVafe6x2T+Tu6NcOf6sRklazEPmBoB3IWk3WdGZM2iGUwU/Oe3Wtq5lSEkDTTlpp8yx+5t4pzO/i9Ty1ww=="],

    "is-glob": ["is-glob@2.0.1", "", { "dependencies": { "is-extglob": "^1.0.0" } }, "sha512-a1dBeB19NXsf/E0+FHqkagizel/LQw2DjSQpvQrj3zT+jYPpaUCryPnrQajXKFLCMuf4I6FhRpaGtw4lPrG6Eg=="],

    "is-number": ["is-number@2.1.0", "", { "dependencies": { "kind-of": "^3.0.2" } }, "sha512-QUzH43Gfb9+5yckcrSA0VBDwEtDUchrk4F6tfJZQuNzDJbEDB9cZNzSfXGQ1jqmdDY/kl41lUOWM9syA8z8jlg=="],

    "is-posix-bracket": ["is-posix-bracket@0.1.1", "", {}, "sha512-Yu68oeXJ7LeWNmZ3Zov/xg/oDBnBK2RNxwYY1ilNJX+tKKZqgPK+qOn/Gs9jEu66KDY9Netf5XLKNGzas/vPfQ=="],

    "is-primitive": ["is-primitive@2.0.0", "", {}, "sha512-N3w1tFaRfk3UrPfqeRyD+GYDASU3W5VinKhlORy8EWVf/sIdDL9GAcew85XmktCfH+ngG7SRXEVDoO18WMdB/Q=="],

    "is-relative": ["is-relative@0.2.1", "", { "dependencies": { "is-unc-path": "^0.1.1" } }, "sha512-9AMzjRmLqcue629b4ezEVSK6kJsYJlUIhMcygmYORUgwUNJiavHcC3HkaGx0XYpyVKQSOqFbMEZmW42cY87sYw=="],

    "is-unc-path": ["is-unc-path@0.1.2", "", { "dependencies": { "unc-path-regex": "^0.1.0" } }, "sha512-HhLc5VDMH4pu3oMtIuunz/DFQUIoR561kMME3U3Afhj8b7vH085vkIkemrz1kLXCEIuoMAmO3yVmafWdSbGW8w=="],

    "is-windows": ["is-windows@0.1.1", "", {}, "sha512-3wf9CiLayWrH2O5E99jdTwVZyZwVckl+Gz4CkAtjssBPkawQBoPWDEyAHmwZnODQxqYduCBrlGfKQfvE/Mxh+A=="],

    "isarray": ["isarray@1.0.0", "", {}, "sha512-VLghIWNM6ELQzo7zwmcg0NmTVyWKYjvIeM83yjp0wRDTmUnrM678fQbcKBo6n2CJEF0szoG//ytg+TKla89ALQ=="],

    "isexe": ["isexe@2.0.0", "", {}, "sha512-RHxMLp9lnKHGHRng9QFhRCMbYAcVpn69smSGcq3f36xjgVVWThj4qqLbTLlq7Ssj8B+fIQ1EuCEGI2lKsyQeIw=="],

    "isobject": ["isobject@1.0.2", "", {}, "sha512-WQQgFoML/sLgmhu9zTekYHZUJaPoa/fpVMQ8oxIuOvppzs70DxxyHZdAIjwcuuNDOVtNYsahhqtBbUvKwhRcGw=="],

    "kind-of": ["kind-of@2.0.1", "", { "dependencies": { "is-buffer": "^1.0.2" } }, "sha512-0u8i1NZ/mg0b+W3MGGw5I7+6Eib2nx72S/QvXa0hYjEkjTknYmEYQJwGu3mLC0BrhtJjtQafTkyRUQ75Kx0LVg=="],

    "lazy-cache": ["lazy-cache@0.1.0", "", { "dependencies": { "ansi-yellow": "^0.1.1" } }, "sha512-WDBCsYgeOSNWVk8t3RYQ63PPnldXNdXg1ZIvPZ53XfueW0CHqmo462o4BmmpSuuxavJAXQl5ogRHVRiAIHti5Q=="],

    "lodash": ["lodash@4.17.21", "", {}, "sha512-v2kDEe57lecTulaDIuNTPy3Ry4gLGJ6Z1O3vE1krgXZNrsQ+LFTGHVxVjcXPs17LhbZVGedAJv8XZ1tvj5FvSg=="],

    "map-cache": ["map-cache@0.2.2", "", {}, "sha512-8y/eV9QQZCiyn1SprXSrCmqJN0yNRATe+PO8ztwqrvrbdRLA3eYJF0yaR0YayLWkMbsQSKWS9N2gPcGEc4UsZg=="],

    "math-random": ["math-random@1.0.4", "", {}, "sha512-rUxjysqif/BZQH2yhd5Aaq7vXMSx9NdEsQcyA07uEzIvxgI7zIr33gGsh+RU0/XjmQpCW7RsVof1vlkvQVCK5A=="],

    "micromatch": ["micromatch@github:jonschlinkert/micromatch#8549a40", { "dependencies": { "arr-diff": "^1.0.1", "array-unique": "^0.2.1", "braces": "^1.8.0", "expand-brackets": "^0.1.1", "extglob": "^0.3.0", "filename-regex": "^2.0.0", "is-glob": "^1.1.3", "kind-of": "^1.1.0", "object.omit": "^1.1.0", "parse-glob": "^3.0.1", "regex-cache": "^0.4.2" } }, "micromatch-micromatch-8549a40"],

    "minimist": ["minimist@1.2.8", "", {}, "sha512-2yyAR8qBkN3YuheJanUpWC5U3bb5osDywNB8RzDVlDwDHbocAJveqqj1u8+SVD7jkWT4yvsHCpWqqWqAxb0zCA=="],

    "mixin-object": ["mixin-object@2.0.1", "", { "dependencies": { "for-in": "^0.1.3", "is-extendable": "^0.1.1" } }, "sha512-ALGF1Jt9ouehcaXaHhn6t1yGWRqGaHkPFndtFVHfZXOvkIZ/yoGaSi0AHVTafb3ZBGg4dr/bDwnaEKqCXzchMA=="],

    "noncharacters": ["noncharacters@1.1.0", "", {}, "sha512-U69XzMNq7UQXR27xT17tkQsHPsLc+5W9yfXvYzVCwFxghVf+7VttxFnCKFMxM/cHD+/QIyU009263hxIIurj4g=="],

    "normalize-path": ["normalize-path@2.1.1", "", { "dependencies": { "remove-trailing-separator": "^1.0.1" } }, "sha512-3pKJwH184Xo/lnH6oyP1q2pMd7HcypqqmRs91/6/i2CGtWwIKGCkOOMTm/zXbgTEWHw1uNpNi/igc3ePOYHb6w=="],

    "object-visit": ["object-visit@0.1.0", "", { "dependencies": { "isobject": "^1.0.0" } }, "sha512-gPvtDz6xoiDNPMp3e/5sQGua8cgevJULRMdrX9dcgFbeaTuqGOW3g4OgrLragDA6NSfvS2iNBXrs8CWgBQq83A=="],

    "object.omit": ["object.omit@1.1.0", "", { "dependencies": { "for-own": "^0.1.3", "isobject": "^1.0.0" } }, "sha512-oc6HJYjJhqPa0AsywIBlKNVd9ctu6lrDwr/N4HSpa3FKD1l3cF5pdgdLHm8Fn0zSKGKTKGwVOdoTTgUh1FQkKw=="],

    "os-homedir": ["os-homedir@1.0.2", "", {}, "sha512-B5JU3cabzk8c67mRRd3ECmROafjYMXbuzlwtqdM8IbS8ktlTix8aFGb2bAGKrSRIlnfKwovGUUr72JUPyOb6kQ=="],

    "parse-filepath": ["parse-filepath@0.6.3", "", { "dependencies": { "is-absolute": "^0.2.2", "map-cache": "^0.2.0" } }, "sha512-/8L5NPcGFMlZZ05LhvyKDQkCb8nX/5DPad9ZGvXrpAyGfk4Fop0PCEyCnwnB7PgnSW2JLCSId0ZNrBo7iAhXYQ=="],

    "parse-gitignore": ["parse-gitignore@0.2.0", "", { "dependencies": { "ends-with": "^0.2.0", "is-glob": "^2.0.0", "starts-with": "^1.0.0" } }, "sha512-NB3206JVaagRmgpQCWymcXHd+bZyVxACtgehEL49jDptryTqGcDWo7YroucBXKePj9lGYz3guQVZIV/gqrsaOw=="],

    "parse-glob": ["parse-glob@3.0.4", "", { "dependencies": { "glob-base": "^0.3.0", "is-dotfile": "^1.0.0", "is-extglob": "^1.0.0", "is-glob": "^2.0.0" } }, "sha512-FC5TeK0AwXzq3tUBFtH74naWkPQCEWs4K+xMxWZBlKDWu0bVHXGZa+KKqxKidd7xwhdZ19ZNuF2uO1M/r196HA=="],

    "parse-passwd": ["parse-passwd@1.0.0", "", {}, "sha512-1Y1A//QUXEZK7YKz+rD9WydcE1+EuPr6ZBgKecAB8tmoW6UFv0NREVJe1p+jRxtThkcbbKkfwIbWJe/IeE6m2Q=="],

    "preserve": ["preserve@0.2.0", "", {}, "sha512-s/46sYeylUfHNjI+sA/78FAHlmIuKqI9wNnzEOGehAlUUYeObv5C2mOinXBjyUyWmJ2SfcS2/ydApH4hTF4WXQ=="],

    "prettier": ["prettier@3.5.3", "", { "bin": { "prettier": "bin/prettier.cjs" } }, "sha512-QQtaxnoDJeAkDvDKWCLiwIXkTgRhwYDEQCghU9Z6q03iyek/rxRh/2lC3HB7P8sWT2xC/y5JDctPLBIGzHKbhw=="],

    "prettierrc": ["prettierrc@0.0.0-5", "", { "dependencies": { "glob-fs": "^0.1.6", "lodash": "^4.17.4", "rc": "^1.2.1" }, "peerDependencies": { "prettier": "^1.3.1" }, "bin": { "prettierrc": "index.js" } }, "sha512-sBjveg65i5be6GKvOCOpOe6hNFAen06UA/v8Isfov+BqY4ggfMXSK/d40RcmCEGyYZRwUKHNnvCJqND9dCFEGw=="],

    "process-nextick-args": ["process-nextick-args@2.0.1", "", {}, "sha512-3ouUOpQhtgrbOa17J7+uxOTpITYWaGP7/AhoR3+A+/1e9skrzelGi/dXzEYyvbxubEF6Wn2ypscTKiKJFFn1ag=="],

    "randomatic": ["randomatic@3.1.1", "", { "dependencies": { "is-number": "^4.0.0", "kind-of": "^6.0.0", "math-random": "^1.0.1" } }, "sha512-TuDE5KxZ0J461RVjrJZCJc+J+zCkTb1MbH9AQUq68sMhOMcy9jLcb3BrZKgp9q9Ncltdg4QVqWrH02W2EFFVYw=="],

    "rc": ["rc@1.2.8", "", { "dependencies": { "deep-extend": "^0.6.0", "ini": "~1.3.0", "minimist": "^1.2.0", "strip-json-comments": "~2.0.1" }, "bin": { "rc": "./cli.js" } }, "sha512-y3bGgqKj3QBdxLbLkomlohkvsA8gdAiUQlSBJnBhfn+BPxg4bc62d8TcBW15wavDfgexCgccckhcZvywyQYPOw=="],

    "readable-stream": ["readable-stream@2.3.8", "", { "dependencies": { "core-util-is": "~1.0.0", "inherits": "~2.0.3", "isarray": "~1.0.0", "process-nextick-args": "~2.0.0", "safe-buffer": "~5.1.1", "string_decoder": "~1.1.1", "util-deprecate": "~1.0.1" } }, "sha512-8p0AUk4XODgIewSi0l8Epjs+EVnWiK7NoDIEGU0HhE7+ZyY8D1IMY7odu5lRrFXGg71L15KG8QrPmum45RTtdA=="],

    "regex-cache": ["regex-cache@0.4.4", "", { "dependencies": { "is-equal-shallow": "^0.1.3" } }, "sha512-nVIZwtCjkC9YgvWkpM55B5rBhBYRZhAaJbgcFYXXsHnbZ9UZI9nnVWYZpBlCqv9ho2eZryPnWrZGsOdPwVWXWQ=="],

    "relative": ["relative@3.0.2", "", { "dependencies": { "isobject": "^2.0.0" } }, "sha512-Q5W2qeYtY9GbiR8z1yHNZ1DGhyjb4AnLEjt8iE6XfcC1QIu+FAtj3HQaO0wH28H1mX6cqNLvAqWhP402dxJGyA=="],

    "remove-trailing-separator": ["remove-trailing-separator@1.1.0", "", {}, "sha512-/hS+Y0u3aOfIETiaiirUFwDBDzmXPvO+jAfKTitUngIPzdKc6Z0LoFjM/CK5PL4C+eKwHohlHAb6H0VFfmmUsw=="],

    "repeat-element": ["repeat-element@1.1.4", "", {}, "sha512-LFiNfRcSu7KK3evMyYOuCzv3L10TW7yC1G2/+StMjK8Y6Vqd2MG7r/Qjw4ghtuCOjFvlnms/iMmLqpvW/ES/WQ=="],

    "repeat-string": ["repeat-string@1.6.1", "", {}, "sha512-PV0dzCYDNfRi1jCDbJzpW7jNNDRuCOG/jI5ctQcGKt/clZD+YcPS3yIlWuTJMmESC8aevCFmWJy5wjAFgNqN6w=="],

    "resolve-dir": ["resolve-dir@0.1.1", "", { "dependencies": { "expand-tilde": "^1.2.2", "global-modules": "^0.2.3" } }, "sha512-QxMPqI6le2u0dCLyiGzgy92kjkkL6zO0XyvHzjdTNH3zM6e5Hz3BwG6+aEyNgiQ5Xz6PwTwgQEj3U50dByPKIA=="],

    "safe-buffer": ["safe-buffer@5.1.2", "", {}, "sha512-Gd2UZBJDkXlY7GbJxfsE8/nvKkUEU1G38c1siN6QP6a9PT9MmHB8GnpscSmMJSoF8LOIrt8ud/wPtojys4G6+g=="],

    "set-value": ["set-value@0.2.0", "", { "dependencies": { "isobject": "^1.0.0", "noncharacters": "^1.1.0" } }, "sha512-dJaeu7V8d1KwjePimg1oOpGp31cEw/uRcZlfL7wwemkr+A00ev/ZhikvSMiQ4hkf83d8JdY2AFoFmXsKzmHMSw=="],

    "starts-with": ["starts-with@1.0.2", "", {}, "sha512-QUw5X+IMTGDm1nrdowEdDaA0MNiUmRlQFwpTTXmhuPKQc+7b0h8fOHtlt1zZqcEK5x1Fsitrobo7KEusc+d1rg=="],

    "string_decoder": ["string_decoder@1.1.1", "", { "dependencies": { "safe-buffer": "~5.1.0" } }, "sha512-n/ShnvDi6FHbbVfviro+WojiFzv+s8MPMHBczVePfUpDJLwoLT0ht1l4YwBCbi8pJAveEEdnkHyPyTP/mzRfwg=="],

    "strip-json-comments": ["strip-json-comments@2.0.1", "", {}, "sha512-4gB8na07fecVVkOI6Rs4e7T6NOTki5EmL7TUduTs6bu3EdnSycntVJ4re8kgZA+wx9IueI2Y11bfbgwtzuE0KQ=="],

    "through2": ["through2@2.0.5", "", { "dependencies": { "readable-stream": "~2.3.6", "xtend": "~4.0.1" } }, "sha512-/mrRod8xqpA+IHSLyGCQ2s8SPHiCDEeQJSep1jqLYeEUClOFG2Qsh+4FU6G9VeqpZnGW/Su8LQGc4YKni5rYSQ=="],

    "unc-path-regex": ["unc-path-regex@0.1.2", "", {}, "sha512-eXL4nmJT7oCpkZsHZUOJo8hcX3GbsiDOa0Qu9F646fi8dT3XuSVopVqAcEiVzSKKH7UoDti23wNX3qGFxcW5Qg=="],

    "util-deprecate": ["util-deprecate@1.0.2", "", {}, "sha512-EPD5q1uXyFxJpCrLnCc1nHnq3gOa6DZBocAIiI2TaSCA7VCJ1UJDMagCzIkXNsUYfD1daK//LTEQ8xiIbrHtcw=="],

    "which": ["which@1.3.1", "", { "dependencies": { "isexe": "^2.0.0" }, "bin": { "which": "./bin/which" } }, "sha512-HxJdYWq1MTIQbJ3nw0cqssHoTNU267KlrDuGZ1WYlxDStUtKUhOaJmh112/TZmHxxUfuJqPXSOm7tDyas0OSIQ=="],

    "xtend": ["xtend@4.0.2", "", {}, "sha512-LKYU1iAXJXUgAXn9URjiu+MWhyUXHsvfp7mcuYm9dSUKK0/CjtrUwFAxD82/mCWbtLsGjFIad0wIsod4zrTAEQ=="],

    "export-files/lazy-cache": ["lazy-cache@1.0.4", "", {}, "sha512-RE2g0b5VGZsOCFOCgP7omTRYFqydmZkBwl5oNnQ1lDYC57uyO9KqNnNVxT7COSHTxrRCWVcAVOcbjk+tvh/rgQ=="],

    "fill-range/isobject": ["isobject@2.1.0", "", { "dependencies": { "isarray": "1.0.0" } }, "sha512-+OUdGJlgjOBZDfxnDjYYG6zp487z0JGNQq3cYQYg5f5hKR+syHMsaztzGeml/4kGG55CSpKSpWTY+jYGgsHLgA=="],

    "findup-sync/micromatch": ["micromatch@2.3.11", "", { "dependencies": { "arr-diff": "^2.0.0", "array-unique": "^0.2.1", "braces": "^1.8.2", "expand-brackets": "^0.1.4", "extglob": "^0.3.1", "filename-regex": "^2.0.0", "is-extglob": "^1.0.0", "is-glob": "^2.0.1", "kind-of": "^3.0.2", "normalize-path": "^2.0.1", "object.omit": "^2.0.0", "parse-glob": "^3.0.4", "regex-cache": "^0.4.2" } }, "sha512-LnU2XFEk9xxSJ6rfgAry/ty5qwUTyHYOBU0g4R6tIw5ljwgGIBmiKhRWLw5NpMOnrgUNcDJ4WMp8rl3sYVHLNA=="],

    "for-own/for-in": ["for-in@1.0.2", "", {}, "sha512-7EwmXrOjyL+ChxMhmG5lnW9MPt1aIeZEwKhQzoBUdTV0N3zuwWDZYVJatDvZ2OyzPUvdIAZDsCetk3coyMfcnQ=="],

    "get-value/lazy-cache": ["lazy-cache@0.2.7", "", {}, "sha512-gkX52wvU/R8DVMMt78ATVPFMJqfW8FPz1GZ1sVHBVQHmu/WvhIWE4cE1GBzhJNFicDeYhnwp6Rl35BcAIM3YOQ=="],

    "glob-base/glob-parent": ["glob-parent@2.0.0", "", { "dependencies": { "is-glob": "^2.0.0" } }, "sha512-JDYOvfxio/t42HKdxkAYaCiBN7oYiuxykOxKxdaUW5Qn0zaYN3gRQWolrwdnf0shM9/EP0ebuuTmyoXNr1cC5w=="],

    "glob-fs-gitignore/micromatch": ["micromatch@2.3.11", "", { "dependencies": { "arr-diff": "^2.0.0", "array-unique": "^0.2.1", "braces": "^1.8.2", "expand-brackets": "^0.1.4", "extglob": "^0.3.1", "filename-regex": "^2.0.0", "is-extglob": "^1.0.0", "is-glob": "^2.0.1", "kind-of": "^3.0.2", "normalize-path": "^2.0.1", "object.omit": "^2.0.0", "parse-glob": "^3.0.4", "regex-cache": "^0.4.2" } }, "sha512-LnU2XFEk9xxSJ6rfgAry/ty5qwUTyHYOBU0g4R6tIw5ljwgGIBmiKhRWLw5NpMOnrgUNcDJ4WMp8rl3sYVHLNA=="],

    "global-modules/is-windows": ["is-windows@0.2.0", "", {}, "sha512-n67eJYmXbniZB7RF4I/FTjK1s6RPOCTxhYrVYLRaCt3lF0mpWZPKr3T2LSZAqyjQsxR2qMmGYXXzK0YWwcPM1Q=="],

    "global-prefix/is-windows": ["is-windows@0.2.0", "", {}, "sha512-n67eJYmXbniZB7RF4I/FTjK1s6RPOCTxhYrVYLRaCt3lF0mpWZPKr3T2LSZAqyjQsxR2qMmGYXXzK0YWwcPM1Q=="],

    "is-absolute/is-windows": ["is-windows@0.2.0", "", {}, "sha512-n67eJYmXbniZB7RF4I/FTjK1s6RPOCTxhYrVYLRaCt3lF0mpWZPKr3T2LSZAqyjQsxR2qMmGYXXzK0YWwcPM1Q=="],

    "is-number/kind-of": ["kind-of@3.2.2", "", { "dependencies": { "is-buffer": "^1.1.5" } }, "sha512-NOW9QQXMoZGg/oqnVNoNTTIFEIid1627WCffUBJEdMxYApq7mNE7CpzucIPc+ZQg25Phej7IJSmX3hO+oblOtQ=="],

    "micromatch/is-glob": ["is-glob@1.1.3", "", {}, "sha512-tKLBgs6hhR6eI0mq8M2b91eUynY27ydu7MbY68IxVE1mlX2r7vbvXJ5qNz/KgDGMXAqMis156hxfvQVh7DcYTA=="],

    "micromatch/kind-of": ["kind-of@1.1.0", "", {}, "sha512-aUH6ElPnMGon2/YkxRIigV32MOpTVcoXQ1Oo8aYn40s+sJ3j+0gFZsT8HKDcxNy7Fi9zuquWtGaGAahOdv5p/g=="],

    "randomatic/is-number": ["is-number@4.0.0", "", {}, "sha512-rSklcAIlf1OmFdyAqbnWTLVelsQ58uvZ66S/ZyawjWqIviTWCjg2PzVGw8WUA+nNuPTqb4wgA+NszrJ+08LlgQ=="],

    "randomatic/kind-of": ["kind-of@6.0.3", "", {}, "sha512-dcS1ul+9tmeD95T+x28/ehLgd9mENa3LsvDTtzm3vyBEO7RPptvAD+t44WVXaUjTBRcrpFeFlC8WCruUR456hw=="],

    "relative/isobject": ["isobject@2.1.0", "", { "dependencies": { "isarray": "1.0.0" } }, "sha512-+OUdGJlgjOBZDfxnDjYYG6zp487z0JGNQq3cYQYg5f5hKR+syHMsaztzGeml/4kGG55CSpKSpWTY+jYGgsHLgA=="],

    "findup-sync/micromatch/arr-diff": ["arr-diff@2.0.0", "", { "dependencies": { "arr-flatten": "^1.0.1" } }, "sha512-dtXTVMkh6VkEEA7OhXnN1Ecb8aAGFdZ1LFxtOCoqj4qkyOJMt7+qs6Ahdy6p/NQCPYsRSXXivhSB/J5E9jmYKA=="],

    "findup-sync/micromatch/kind-of": ["kind-of@3.2.2", "", { "dependencies": { "is-buffer": "^1.1.5" } }, "sha512-NOW9QQXMoZGg/oqnVNoNTTIFEIid1627WCffUBJEdMxYApq7mNE7CpzucIPc+ZQg25Phej7IJSmX3hO+oblOtQ=="],

    "findup-sync/micromatch/object.omit": ["object.omit@2.0.1", "", { "dependencies": { "for-own": "^0.1.4", "is-extendable": "^0.1.1" } }, "sha512-UiAM5mhmIuKLsOvrL+B0U2d1hXHF3bFYWIuH1LMpuV2EJEHG1Ntz06PgLEHjm6VFd87NpH8rastvPoyv6UW2fA=="],

    "glob-fs-gitignore/micromatch/arr-diff": ["arr-diff@2.0.0", "", { "dependencies": { "arr-flatten": "^1.0.1" } }, "sha512-dtXTVMkh6VkEEA7OhXnN1Ecb8aAGFdZ1LFxtOCoqj4qkyOJMt7+qs6Ahdy6p/NQCPYsRSXXivhSB/J5E9jmYKA=="],

    "glob-fs-gitignore/micromatch/kind-of": ["kind-of@3.2.2", "", { "dependencies": { "is-buffer": "^1.1.5" } }, "sha512-NOW9QQXMoZGg/oqnVNoNTTIFEIid1627WCffUBJEdMxYApq7mNE7CpzucIPc+ZQg25Phej7IJSmX3hO+oblOtQ=="],

    "glob-fs-gitignore/micromatch/object.omit": ["object.omit@2.0.1", "", { "dependencies": { "for-own": "^0.1.4", "is-extendable": "^0.1.1" } }, "sha512-UiAM5mhmIuKLsOvrL+B0U2d1hXHF3bFYWIuH1LMpuV2EJEHG1Ntz06PgLEHjm6VFd87NpH8rastvPoyv6UW2fA=="],
  }
}
